
Microsoft Visual Studio Solution File, Format Version 12.00
# Visual Studio Version 17
VisualStudioVersion = 17.9.34728.123
MinimumVisualStudioVersion = 10.0.40219.1
Project("{FAE04EC0-301F-11D3-BF4B-00C04F79EFBC}") = "Vibe.API", "Vibe.API\Vibe.API.csproj", "{8B043086-F55F-4398-9C15-293C22ADE9D4}"
EndProject
Project("{FAE04EC0-301F-11D3-BF4B-00C04F79EFBC}") = "Vibe.Core", "Vibe.Core\Vibe.Core.csproj", "{4FAACC02-C758-4105-8EE4-0C96497A7902}"
EndProject
Project("{FAE04EC0-301F-11D3-BF4B-00C04F79EFBC}") = "Vibe.Infrastructure", "Vibe.Infrastructure\Vibe.Infrastructure.csproj", "{6CDAAFA3-080B-4490-B0ED-01F118D0218D}"
EndProject
Global
	GlobalSection(SolutionConfigurationPlatforms) = preSolution
		Debug|Any CPU = Debug|Any CPU
		Release|Any CPU = Release|Any CPU
	EndGlobalSection
	GlobalSection(ProjectConfigurationPlatforms) = postSolution
		{8B043086-F55F-4398-9C15-293C22ADE9D4}.Debug|Any CPU.ActiveCfg = Debug|Any CPU
		{8B043086-F55F-4398-9C15-293C22ADE9D4}.Debug|Any CPU.Build.0 = Debug|Any CPU
		{8B043086-F55F-4398-9C15-293C22ADE9D4}.Release|Any CPU.ActiveCfg = Release|Any CPU
		{8B043086-F55F-4398-9C15-293C22ADE9D4}.Release|Any CPU.Build.0 = Release|Any CPU
		{4FAACC02-C758-4105-8EE4-0C96497A7902}.Debug|Any CPU.ActiveCfg = Debug|Any CPU
		{4FAACC02-C758-4105-8EE4-0C96497A7902}.Debug|Any CPU.Build.0 = Debug|Any CPU
		{4FAACC02-C758-4105-8EE4-0C96497A7902}.Release|Any CPU.ActiveCfg = Release|Any CPU
		{4FAACC02-C758-4105-8EE4-0C96497A7902}.Release|Any CPU.Build.0 = Release|Any CPU
		{6CDAAFA3-080B-4490-B0ED-01F118D0218D}.Debug|Any CPU.ActiveCfg = Debug|Any CPU
		{6CDAAFA3-080B-4490-B0ED-01F118D0218D}.Debug|Any CPU.Build.0 = Debug|Any CPU
		{6CDAAFA3-080B-4490-B0ED-01F118D0218D}.Release|Any CPU.ActiveCfg = Release|Any CPU
		{6CDAAFA3-080B-4490-B0ED-01F118D0218D}.Release|Any CPU.Build.0 = Release|Any CPU
	EndGlobalSection
	GlobalSection(SolutionProperties) = preSolution
		HideSolutionNode = FALSE
	EndGlobalSection
	GlobalSection(ExtensibilityGlobals) = postSolution
		SolutionGuid = {6CBDB80E-AB42-465A-BFB8-002E7196B759}
	EndGlobalSection
EndGlobal
